{
  "version": 4,
  "terraform_version": "1.1.9",
  "serial": 10,
  "lineage": "f5bb9225-72bc-0e92-0790-0e3b55c83d66",
  "outputs": {},
  "resources": [
    {
      "mode": "data",
      "type": "vsphere_datacenter",
      "name": "datacenter",
      "provider": "provider[\"registry.terraform.io/hashicorp/vsphere\"]",
      "instances": [
        {
          "schema_version": 0,
          "attributes": {
            "id": "datacenter-1002",
            "name": "ICM-Datacenter"
          },
          "sensitive_attributes": []
        }
      ]
    },
    {
      "mode": "data",
      "type": "vsphere_host",
      "name": "host",
      "provider": "provider[\"registry.terraform.io/hashicorp/vsphere\"]",
      "instances": [
        {
          "schema_version": 0,
          "attributes": {
            "datacenter_id": "datacenter-1002",
            "id": "host-1009",
            "name": "sa-esxi-01.vclass.local",
            "resource_pool_id": "resgroup-1008"
          },
          "sensitive_attributes": []
        }
      ]
    },
    {
      "mode": "managed",
      "type": "vsphere_host_port_group",
      "name": "pg",
      "provider": "provider[\"registry.terraform.io/hashicorp/vsphere\"]",
      "instances": [
        {
          "schema_version": 0,
          "attributes": {
            "active_nics": null,
            "allow_forged_transmits": null,
            "allow_mac_changes": null,
            "allow_promiscuous": null,
            "check_beacon": null,
            "computed_policy": {
              "active_nics.#": "1",
              "active_nics.0": "vmnic2",
              "allow_forged_transmits": "true",
              "allow_mac_changes": "true",
              "allow_promiscuous": "false",
              "check_beacon": "false",
              "failback": "true",
              "notify_switches": "true",
              "shaping_average_bandwidth": "0",
              "shaping_burst_size": "0",
              "shaping_enabled": "false",
              "shaping_peak_bandwidth": "0",
              "standby_nics.#": "0",
              "teaming_policy": "loadbalance_srcid"
            },
            "failback": null,
            "host_system_id": "host-1009",
            "id": "tf-HostPortGroup:host-1009:vMotion",
            "key": "key-vim.host.PortGroup-vMotion",
            "name": "vMotion",
            "notify_switches": null,
            "ports": [],
            "shaping_average_bandwidth": 0,
            "shaping_burst_size": 0,
            "shaping_enabled": null,
            "shaping_peak_bandwidth": 0,
            "standby_nics": null,
            "teaming_policy": "",
            "virtual_switch_name": "vSwitch2",
            "vlan_id": 0
          },
          "sensitive_attributes": [],
          "private": "bnVsbA==",
          "dependencies": [
            "data.vsphere_datacenter.datacenter",
            "data.vsphere_host.host",
            "vsphere_host_virtual_switch.switch"
          ]
        }
      ]
    },
    {
      "mode": "managed",
      "type": "vsphere_host_virtual_switch",
      "name": "switch",
      "provider": "provider[\"registry.terraform.io/hashicorp/vsphere\"]",
      "instances": [
        {
          "schema_version": 0,
          "attributes": {
            "active_nics": [
              "vmnic2"
            ],
            "allow_forged_transmits": true,
            "allow_mac_changes": true,
            "allow_promiscuous": false,
            "beacon_interval": 1,
            "check_beacon": false,
            "failback": true,
            "host_system_id": "host-1009",
            "id": "tf-HostVirtualSwitch:host-1009:vSwitch2",
            "link_discovery_operation": "listen",
            "link_discovery_protocol": "cdp",
            "mtu": 1500,
            "name": "vSwitch2",
            "network_adapters": [
              "vmnic2"
            ],
            "notify_switches": true,
            "number_of_ports": 128,
            "shaping_average_bandwidth": 0,
            "shaping_burst_size": 0,
            "shaping_enabled": false,
            "shaping_peak_bandwidth": 0,
            "standby_nics": [],
            "teaming_policy": "loadbalance_srcid"
          },
          "sensitive_attributes": [],
          "private": "bnVsbA==",
          "dependencies": [
            "data.vsphere_datacenter.datacenter",
            "data.vsphere_host.host"
          ]
        }
      ]
    },
    {
      "mode": "managed",
      "type": "vsphere_vnic",
      "name": "v1",
      "provider": "provider[\"registry.terraform.io/hashicorp/vsphere\"]",
      "instances": [
        {
          "schema_version": 0,
          "attributes": {
            "distributed_port_group": null,
            "distributed_switch_port": null,
            "host": "host-1009",
            "id": "host-1009_vmk2",
            "ipv4": [
              {
                "dhcp": true,
                "gw": "",
                "ip": "",
                "netmask": ""
              }
            ],
            "ipv6": [],
            "mac": "00:50:56:67:6e:e4",
            "mtu": 1500,
            "netstack": "defaultTcpipStack",
            "portgroup": "vMotion"
          },
          "sensitive_attributes": [],
          "private": "bnVsbA==",
          "dependencies": [
            "data.vsphere_host.host",
            "vsphere_host_port_group.pg"
          ]
        }
      ]
    }
  ]
}
